
Microsoft Visual Studio Solution File, Format Version 12.00
# Visual Studio 15
VisualStudioVersion = 15.0.27428.2011
MinimumVisualStudioVersion = 10.0.40219.1
Project("{FAE04EC0-301F-11D3-BF4B-00C04F79EFBC}") = "SiteArchi3D", "SiteArchi3D\SiteArchi3D.csproj", "{5E01CAA6-3A4D-40E2-922B-BF0A7405428D}"
EndProject
Global
	GlobalSection(SolutionConfigurationPlatforms) = preSolution
		Debug|Any CPU = Debug|Any CPU
		Release|Any CPU = Release|Any CPU
	EndGlobalSection
	GlobalSection(ProjectConfigurationPlatforms) = postSolution
		{5E01CAA6-3A4D-40E2-922B-BF0A7405428D}.Debug|Any CPU.ActiveCfg = Debug|Any CPU
		{5E01CAA6-3A4D-40E2-922B-BF0A7405428D}.Debug|Any CPU.Build.0 = Debug|Any CPU
		{5E01CAA6-3A4D-40E2-922B-BF0A7405428D}.Release|Any CPU.ActiveCfg = Release|Any CPU
		{5E01CAA6-3A4D-40E2-922B-BF0A7405428D}.Release|Any CPU.Build.0 = Release|Any CPU
	EndGlobalSection
	GlobalSection(SolutionProperties) = preSolution
		HideSolutionNode = FALSE
	EndGlobalSection
	GlobalSection(ExtensibilityGlobals) = postSolution
		SolutionGuid = {9F5B1D00-0B1B-42E1-B7D2-A2D8756D72CB}
	EndGlobalSection
EndGlobal
